// !$*UTF8*$!
{
	archiveVersion = 1;
	classes = {
	};
	objectVersion = 77;
	objects = {

/* Begin PBXBuildFile section */
		02A8E0F5D17E6F1246E6E772 /* ClipboardManager.swift in Sources */ = {isa = PBXBuildFile; fileRef = 89D563318C5A4FFEBC09D8C3 /* ClipboardManager.swift */; };
		1F6E2A484DE642B167BFF14E /* SmartClipboardApp.swift in Sources */ = {isa = PBXBuildFile; fileRef = F6CCD9BB36808A677F805482 /* SmartClipboardApp.swift */; };
		36A9C0A7B831D83B1CA94148 /* AppSpecificSettingsView.swift in Sources */ = {isa = PBXBuildFile; fileRef = 02C5CAF99A0F05EDE8EA9768 /* AppSpecificSettingsView.swift */; };
		4D7D93073E0B3EE50BD7FF69 /* ContentView.swift in Sources */ = {isa = PBXBuildFile; fileRef = 05EAC0A09C92C2EE17D38C59 /* ContentView.swift */; };
		56039F47B084642C6F75A8A1 /* StatusItemManager.swift in Sources */ = {isa = PBXBuildFile; fileRef = 96E9B26355DBBD671BAEEEFF /* StatusItemManager.swift */; };
		C8CEB5DDE8171BF7436206FB /* GlobalHotkeyManager.swift in Sources */ = {isa = PBXBuildFile; fileRef = 39D18AA6316AA6DA7B4BCDFB /* GlobalHotkeyManager.swift */; };
		E1FC233C262D1C152266D3F7 /* SettingsView.swift in Sources */ = {isa = PBXBuildFile; fileRef = 887F596C632ECB32BDF81FCD /* SettingsView.swift */; };
		FCAE13886FA2BAEBDFB20910 /* GeminiService.swift in Sources */ = {isa = PBXBuildFile; fileRef = AA4046CC8C119279E3CCB0EC /* GeminiService.swift */; };
/* End PBXBuildFile section */

/* Begin PBXFileReference section */
		02C5CAF99A0F05EDE8EA9768 /* AppSpecificSettingsView.swift */ = {isa = PBXFileReference; lastKnownFileType = sourcecode.swift; path = AppSpecificSettingsView.swift; sourceTree = "<group>"; };
		05EAC0A09C92C2EE17D38C59 /* ContentView.swift */ = {isa = PBXFileReference; lastKnownFileType = sourcecode.swift; path = ContentView.swift; sourceTree = "<group>"; };
		110A42EA26F3F681BEC4735F /* SmartClipboard.app */ = {isa = PBXFileReference; explicitFileType = wrapper.application; includeInIndex = 0; path = SmartClipboard.app; sourceTree = BUILT_PRODUCTS_DIR; };
		11F32C9216609895F6E4177D /* SmartClipboard.entitlements */ = {isa = PBXFileReference; lastKnownFileType = text.plist.entitlements; path = SmartClipboard.entitlements; sourceTree = "<group>"; };
		39D18AA6316AA6DA7B4BCDFB /* GlobalHotkeyManager.swift */ = {isa = PBXFileReference; lastKnownFileType = sourcecode.swift; path = GlobalHotkeyManager.swift; sourceTree = "<group>"; };
		887F596C632ECB32BDF81FCD /* SettingsView.swift */ = {isa = PBXFileReference; lastKnownFileType = sourcecode.swift; path = SettingsView.swift; sourceTree = "<group>"; };
		89D563318C5A4FFEBC09D8C3 /* ClipboardManager.swift */ = {isa = PBXFileReference; lastKnownFileType = sourcecode.swift; path = ClipboardManager.swift; sourceTree = "<group>"; };
		96E9B26355DBBD671BAEEEFF /* StatusItemManager.swift */ = {isa = PBXFileReference; lastKnownFileType = sourcecode.swift; path = StatusItemManager.swift; sourceTree = "<group>"; };
		AA4046CC8C119279E3CCB0EC /* GeminiService.swift */ = {isa = PBXFileReference; lastKnownFileType = sourcecode.swift; path = GeminiService.swift; sourceTree = "<group>"; };
		F6CCD9BB36808A677F805482 /* SmartClipboardApp.swift */ = {isa = PBXFileReference; lastKnownFileType = sourcecode.swift; path = SmartClipboardApp.swift; sourceTree = "<group>"; };
/* End PBXFileReference section */

/* Begin PBXGroup section */
		0D401EA40F30C76BBAC9B66D = {
			isa = PBXGroup;
			children = (
				B4816ECEFCC0669F4466DC21 /* SmartClipboard */,
				F05D07C9374734B2A211EB44 /* Products */,
			);
			sourceTree = "<group>";
		};
		B4816ECEFCC0669F4466DC21 /* SmartClipboard */ = {
			isa = PBXGroup;
			children = (
				02C5CAF99A0F05EDE8EA9768 /* AppSpecificSettingsView.swift */,
				89D563318C5A4FFEBC09D8C3 /* ClipboardManager.swift */,
				05EAC0A09C92C2EE17D38C59 /* ContentView.swift */,
				AA4046CC8C119279E3CCB0EC /* GeminiService.swift */,
				39D18AA6316AA6DA7B4BCDFB /* GlobalHotkeyManager.swift */,
				887F596C632ECB32BDF81FCD /* SettingsView.swift */,
				11F32C9216609895F6E4177D /* SmartClipboard.entitlements */,
				F6CCD9BB36808A677F805482 /* SmartClipboardApp.swift */,
				96E9B26355DBBD671BAEEEFF /* StatusItemManager.swift */,
			);
			path = SmartClipboard;
			sourceTree = "<group>";
		};
		F05D07C9374734B2A211EB44 /* Products */ = {
			isa = PBXGroup;
			children = (
				110A42EA26F3F681BEC4735F /* SmartClipboard.app */,
			);
			name = Products;
			sourceTree = "<group>";
		};
/* End PBXGroup section */

/* Begin PBXNativeTarget section */
		FB228CBF01F1465E97469229 /* SmartClipboard */ = {
			isa = PBXNativeTarget;
			buildConfigurationList = 1DC2F6F0A999A2B234380F15 /* Build configuration list for PBXNativeTarget "SmartClipboard" */;
			buildPhases = (
				D3408E33FA456A595A80FDFE /* Sources */,
			);
			buildRules = (
			);
			dependencies = (
			);
			name = SmartClipboard;
			packageProductDependencies = (
			);
			productName = SmartClipboard;
			productReference = 110A42EA26F3F681BEC4735F /* SmartClipboard.app */;
			productType = "com.apple.product-type.application";
		};
/* End PBXNativeTarget section */

/* Begin PBXProject section */
		DAEEFFAB0AA24979C05D9A74 /* Project object */ = {
			isa = PBXProject;
			attributes = {
				BuildIndependentTargetsInParallel = YES;
				LastUpgradeCheck = 1430;
			};
			buildConfigurationList = A9C782D102170F3C3C8103BB /* Build configuration list for PBXProject "SmartClipboard" */;
			compatibilityVersion = "Xcode 14.0";
			developmentRegion = en;
			hasScannedForEncodings = 0;
			knownRegions = (
				Base,
				en,
			);
			mainGroup = 0D401EA40F30C76BBAC9B66D;
			minimizedProjectReferenceProxies = 1;
			preferredProjectObjectVersion = 77;
			projectDirPath = "";
			projectRoot = "";
			targets = (
				FB228CBF01F1465E97469229 /* SmartClipboard */,
			);
		};
/* End PBXProject section */

/* Begin PBXSourcesBuildPhase section */
		D3408E33FA456A595A80FDFE /* Sources */ = {
			isa = PBXSourcesBuildPhase;
			buildActionMask = 2147483647;
			files = (
				36A9C0A7B831D83B1CA94148 /* AppSpecificSettingsView.swift in Sources */,
				02A8E0F5D17E6F1246E6E772 /* ClipboardManager.swift in Sources */,
				4D7D93073E0B3EE50BD7FF69 /* ContentView.swift in Sources */,
				FCAE13886FA2BAEBDFB20910 /* GeminiService.swift in Sources */,
				C8CEB5DDE8171BF7436206FB /* GlobalHotkeyManager.swift in Sources */,
				E1FC233C262D1C152266D3F7 /* SettingsView.swift in Sources */,
				1F6E2A484DE642B167BFF14E /* SmartClipboardApp.swift in Sources */,
				56039F47B084642C6F75A8A1 /* StatusItemManager.swift in Sources */,
			);
			runOnlyForDeploymentPostprocessing = 0;
		};
/* End PBXSourcesBuildPhase section */

/* Begin XCBuildConfiguration section */
		0869315976224FF43302C47D /* Debug */ = {
			isa = XCBuildConfiguration;
			buildSettings = {
				ASSETCATALOG_COMPILER_APPICON_NAME = AppIcon;
				CODE_SIGNING_ALLOWED = YES;
				CODE_SIGNING_STYLE = Manual;
				CODE_SIGN_ENTITLEMENTS = SmartClipboard/SmartClipboard.entitlements;
				CODE_SIGN_IDENTITY = "Apple Development: chrisxlapointe@icloud.com (W3GLW5YKN6)";
				COMBINE_HIDPI_IMAGES = YES;
				GENERATE_INFOPLIST_FILE = NO;
				INFOPLIST_FILE = Info.plist;
				LD_RUNPATH_SEARCH_PATHS = (
					"$(inherited)",
					"@executable_path/../Frameworks",
				);
				MACOSX_DEPLOYMENT_TARGET = 14.0;
				PRODUCT_BUNDLE_IDENTIFIER = com.chrislapointe.SmartClipboard;
				SDKROOT = macosx;
			};
			name = Debug;
		};
		13770AE229BBFA32B99FED18 /* Debug */ = {
			isa = XCBuildConfiguration;
			buildSettings = {
				ALWAYS_SEARCH_USER_PATHS = NO;
				CLANG_ANALYZER_NONNULL = YES;
				CLANG_ANALYZER_NUMBER_OBJECT_CONVERSION = YES_AGGRESSIVE;
				CLANG_CXX_LANGUAGE_STANDARD = "gnu++14";
				CLANG_CXX_LIBRARY = "libc++";
				CLANG_ENABLE_MODULES = YES;
				CLANG_ENABLE_OBJC_ARC = YES;
				CLANG_ENABLE_OBJC_WEAK = YES;
				CLANG_WARN_BLOCK_CAPTURE_AUTORELEASING = YES;
				CLANG_WARN_BOOL_CONVERSION = YES;
				CLANG_WARN_COMMA = YES;
				CLANG_WARN_CONSTANT_CONVERSION = YES;
				CLANG_WARN_DEPRECATED_OBJC_IMPLEMENTATIONS = YES;
				CLANG_WARN_DIRECT_OBJC_ISA_USAGE = YES_ERROR;
				CLANG_WARN_DOCUMENTATION_COMMENTS = YES;
				CLANG_WARN_EMPTY_BODY = YES;
				CLANG_WARN_ENUM_CONVERSION = YES;
				CLANG_WARN_INFINITE_RECURSION = YES;
				CLANG_WARN_INT_CONVERSION = YES;
				CLANG_WARN_NON_LITERAL_NULL_CONVERSION = YES;
				CLANG_WARN_OBJC_IMPLICIT_RETAIN_SELF = YES;
				CLANG_WARN_OBJC_LITERAL_CONVERSION = YES;
				CLANG_WARN_OBJC_ROOT_CLASS = YES_ERROR;
				CLANG_WARN_QUOTED_INCLUDE_IN_FRAMEWORK_HEADER = YES;
				CLANG_WARN_RANGE_LOOP_ANALYSIS = YES;
				CLANG_WARN_STRICT_PROTOTYPES = YES;
				CLANG_WARN_SUSPICIOUS_MOVE = YES;
				CLANG_WARN_UNGUARDED_AVAILABILITY = YES_AGGRESSIVE;
				CLANG_WARN_UNREACHABLE_CODE = YES;
				CLANG_WARN__DUPLICATE_METHOD_MATCH = YES;
				COPY_PHASE_STRIP = NO;
				DEBUG_INFORMATION_FORMAT = dwarf;
				ENABLE_STRICT_OBJC_MSGSEND = YES;
				ENABLE_TESTABILITY = YES;
				GCC_C_LANGUAGE_STANDARD = gnu11;
				GCC_DYNAMIC_NO_PIC = NO;
				GCC_NO_COMMON_BLOCKS = YES;
				GCC_OPTIMIZATION_LEVEL = 0;
				GCC_PREPROCESSOR_DEFINITIONS = (
					"$(inherited)",
					"DEBUG=1",
				);
				GCC_WARN_64_TO_32_BIT_CONVERSION = YES;
				GCC_WARN_ABOUT_RETURN_TYPE = YES_ERROR;
				GCC_WARN_UNDECLARED_SELECTOR = YES;
				GCC_WARN_UNINITIALIZED_AUTOS = YES_AGGRESSIVE;
				GCC_WARN_UNUSED_FUNCTION = YES;
				GCC_WARN_UNUSED_VARIABLE = YES;
				MTL_ENABLE_DEBUG_INFO = INCLUDE_SOURCE;
				MTL_FAST_MATH = YES;
				ONLY_ACTIVE_ARCH = YES;
				PRODUCT_NAME = "$(TARGET_NAME)";
				SDKROOT = macosx;
				SWIFT_ACTIVE_COMPILATION_CONDITIONS = DEBUG;
				SWIFT_OPTIMIZATION_LEVEL = "-Onone";
				SWIFT_VERSION = 5.0;
			};
			name = Debug;
		};
		1960F8C85F45083100807528 /* Release */ = {
			isa = XCBuildConfiguration;
			buildSettings = {
				ALWAYS_SEARCH_USER_PATHS = NO;
				CLANG_ANALYZER_NONNULL = YES;
				CLANG_ANALYZER_NUMBER_OBJECT_CONVERSION = YES_AGGRESSIVE;
				CLANG_CXX_LANGUAGE_STANDARD = "gnu++14";
				CLANG_CXX_LIBRARY = "libc++";
				CLANG_ENABLE_MODULES = YES;
				CLANG_ENABLE_OBJC_ARC = YES;
				CLANG_ENABLE_OBJC_WEAK = YES;
				CLANG_WARN_BLOCK_CAPTURE_AUTORELEASING = YES;
				CLANG_WARN_BOOL_CONVERSION = YES;
				CLANG_WARN_COMMA = YES;
				CLANG_WARN_CONSTANT_CONVERSION = YES;
				CLANG_WARN_DEPRECATED_OBJC_IMPLEMENTATIONS = YES;
				CLANG_WARN_DIRECT_OBJC_ISA_USAGE = YES_ERROR;
				CLANG_WARN_DOCUMENTATION_COMMENTS = YES;
				CLANG_WARN_EMPTY_BODY = YES;
				CLANG_WARN_ENUM_CONVERSION = YES;
				CLANG_WARN_INFINITE_RECURSION = YES;
				CLANG_WARN_INT_CONVERSION = YES;
				CLANG_WARN_NON_LITERAL_NULL_CONVERSION = YES;
				CLANG_WARN_OBJC_IMPLICIT_RETAIN_SELF = YES;
				CLANG_WARN_OBJC_LITERAL_CONVERSION = YES;
				CLANG_WARN_OBJC_ROOT_CLASS = YES_ERROR;
				CLANG_WARN_QUOTED_INCLUDE_IN_FRAMEWORK_HEADER = YES;
				CLANG_WARN_RANGE_LOOP_ANALYSIS = YES;
				CLANG_WARN_STRICT_PROTOTYPES = YES;
				CLANG_WARN_SUSPICIOUS_MOVE = YES;
				CLANG_WARN_UNGUARDED_AVAILABILITY = YES_AGGRESSIVE;
				CLANG_WARN_UNREACHABLE_CODE = YES;
				CLANG_WARN__DUPLICATE_METHOD_MATCH = YES;
				COPY_PHASE_STRIP = NO;
				DEBUG_INFORMATION_FORMAT = "dwarf-with-dsym";
				ENABLE_NS_ASSERTIONS = NO;
				ENABLE_STRICT_OBJC_MSGSEND = YES;
				GCC_C_LANGUAGE_STANDARD = gnu11;
				GCC_NO_COMMON_BLOCKS = YES;
				GCC_WARN_64_TO_32_BIT_CONVERSION = YES;
				GCC_WARN_ABOUT_RETURN_TYPE = YES_ERROR;
				GCC_WARN_UNDECLARED_SELECTOR = YES;
				GCC_WARN_UNINITIALIZED_AUTOS = YES_AGGRESSIVE;
				GCC_WARN_UNUSED_FUNCTION = YES;
				GCC_WARN_UNUSED_VARIABLE = YES;
				MTL_ENABLE_DEBUG_INFO = NO;
				MTL_FAST_MATH = YES;
				PRODUCT_NAME = "$(TARGET_NAME)";
				SDKROOT = macosx;
				SWIFT_COMPILATION_MODE = wholemodule;
				SWIFT_OPTIMIZATION_LEVEL = "-O";
				SWIFT_VERSION = 5.0;
			};
			name = Release;
		};
		7BDC359B7A549866D8967D27 /* Release */ = {
			isa = XCBuildConfiguration;
			buildSettings = {
				ASSETCATALOG_COMPILER_APPICON_NAME = AppIcon;
				CODE_SIGNING_ALLOWED = YES;
				CODE_SIGNING_STYLE = Manual;
				CODE_SIGN_ENTITLEMENTS = SmartClipboard/SmartClipboard.entitlements;
				CODE_SIGN_IDENTITY = "Apple Development: chrisxlapointe@icloud.com (W3GLW5YKN6)";
				COMBINE_HIDPI_IMAGES = YES;
				GENERATE_INFOPLIST_FILE = NO;
				INFOPLIST_FILE = Info.plist;
				LD_RUNPATH_SEARCH_PATHS = (
					"$(inherited)",
					"@executable_path/../Frameworks",
				);
				MACOSX_DEPLOYMENT_TARGET = 14.0;
				PRODUCT_BUNDLE_IDENTIFIER = com.chrislapointe.SmartClipboard;
				SDKROOT = macosx;
			};
			name = Release;
		};
/* End XCBuildConfiguration section */

/* Begin XCConfigurationList section */
		1DC2F6F0A999A2B234380F15 /* Build configuration list for PBXNativeTarget "SmartClipboard" */ = {
			isa = XCConfigurationList;
			buildConfigurations = (
				0869315976224FF43302C47D /* Debug */,
				7BDC359B7A549866D8967D27 /* Release */,
			);
			defaultConfigurationIsVisible = 0;
			defaultConfigurationName = Debug;
		};
		A9C782D102170F3C3C8103BB /* Build configuration list for PBXProject "SmartClipboard" */ = {
			isa = XCConfigurationList;
			buildConfigurations = (
				13770AE229BBFA32B99FED18 /* Debug */,
				1960F8C85F45083100807528 /* Release */,
			);
			defaultConfigurationIsVisible = 0;
			defaultConfigurationName = Debug;
		};
/* End XCConfigurationList section */
	};
	rootObject = DAEEFFAB0AA24979C05D9A74 /* Project object */;
}
